
Microsoft Visual Studio Solution File, Format Version 12.00
# Visual Studio 2013
VisualStudioVersion = 12.0.21005.1
MinimumVisualStudioVersion = 10.0.40219.1
Project("{FAE04EC0-301F-11D3-BF4B-00C04F79EFBC}") = "NorthWind.Win", "NorthWind.Win\NorthWind.Win.csproj", "{F9325BD6-23B5-4BDC-9FA5-3D32DC43A6E4}"
EndProject
Project("{FAE04EC0-301F-11D3-BF4B-00C04F79EFBC}") = "NorthWind.Entity", "NorthWind.Entity\NorthWind.Entity.csproj", "{51FF19D0-ADCA-4AEB-A13D-569471DF68A0}"
EndProject
Project("{FAE04EC0-301F-11D3-BF4B-00C04F79EFBC}") = "NorthWind.DAO", "NorthWind.DAO\NorthWind.DAO.csproj", "{E2D3A849-0755-4298-8359-766839FF7A18}"
EndProject
Project("{2150E333-8FDC-42A3-9474-1A3956D46DE8}") = "Client", "Client", "{415A5688-141B-48CE-88EC-4F915F163E8B}"
EndProject
Project("{2150E333-8FDC-42A3-9474-1A3956D46DE8}") = "DataAccess", "DataAccess", "{DFDF0064-FF56-4650-B83F-58EB42C2055E}"
EndProject
Project("{2150E333-8FDC-42A3-9474-1A3956D46DE8}") = "Host", "Host", "{85694B47-3422-46C4-9131-69FA5AFD9FAC}"
EndProject
Project("{2150E333-8FDC-42A3-9474-1A3956D46DE8}") = "Logic", "Logic", "{8AEFCE12-8229-4BB5-A672-BD0B784F7F6A}"
EndProject
Project("{2150E333-8FDC-42A3-9474-1A3956D46DE8}") = "ServiceInterface", "ServiceInterface", "{12ACAA74-A16B-429E-A7DE-3B443672FAC7}"
EndProject
Project("{FAE04EC0-301F-11D3-BF4B-00C04F79EFBC}") = "Northwind.Logic", "Northwind.Logic\Northwind.Logic.csproj", "{A02C7245-B2A0-4514-A6D4-771772B0947B}"
EndProject
Project("{FAE04EC0-301F-11D3-BF4B-00C04F79EFBC}") = "MantenimientoService", "MantenimientoService\MantenimientoService.csproj", "{8CCDB3C3-C727-4DFA-9E31-D95B1A0058D3}"
EndProject
Project("{FAE04EC0-301F-11D3-BF4B-00C04F79EFBC}") = "FacturaService", "FacturaService\FacturaService.csproj", "{7BD9CD05-9DE7-40A8-B577-6D2040FE6F4E}"
EndProject
Project("{FAE04EC0-301F-11D3-BF4B-00C04F79EFBC}") = "MantenimientoHost", "MantenimientoHost\MantenimientoHost.csproj", "{9FD1F4B5-7096-4ACE-840F-8A45B6BF471D}"
EndProject
Project("{FAE04EC0-301F-11D3-BF4B-00C04F79EFBC}") = "FacturaHost", "FacturaHost\FacturaHost.csproj", "{9131826F-10F9-477D-9EDF-CF2ABAAAD01F}"
EndProject
Global
	GlobalSection(SolutionConfigurationPlatforms) = preSolution
		Debug|Any CPU = Debug|Any CPU
		Release|Any CPU = Release|Any CPU
	EndGlobalSection
	GlobalSection(ProjectConfigurationPlatforms) = postSolution
		{F9325BD6-23B5-4BDC-9FA5-3D32DC43A6E4}.Debug|Any CPU.ActiveCfg = Debug|Any CPU
		{F9325BD6-23B5-4BDC-9FA5-3D32DC43A6E4}.Debug|Any CPU.Build.0 = Debug|Any CPU
		{F9325BD6-23B5-4BDC-9FA5-3D32DC43A6E4}.Release|Any CPU.ActiveCfg = Release|Any CPU
		{F9325BD6-23B5-4BDC-9FA5-3D32DC43A6E4}.Release|Any CPU.Build.0 = Release|Any CPU
		{51FF19D0-ADCA-4AEB-A13D-569471DF68A0}.Debug|Any CPU.ActiveCfg = Debug|Any CPU
		{51FF19D0-ADCA-4AEB-A13D-569471DF68A0}.Debug|Any CPU.Build.0 = Debug|Any CPU
		{51FF19D0-ADCA-4AEB-A13D-569471DF68A0}.Release|Any CPU.ActiveCfg = Release|Any CPU
		{51FF19D0-ADCA-4AEB-A13D-569471DF68A0}.Release|Any CPU.Build.0 = Release|Any CPU
		{E2D3A849-0755-4298-8359-766839FF7A18}.Debug|Any CPU.ActiveCfg = Debug|Any CPU
		{E2D3A849-0755-4298-8359-766839FF7A18}.Debug|Any CPU.Build.0 = Debug|Any CPU
		{E2D3A849-0755-4298-8359-766839FF7A18}.Release|Any CPU.ActiveCfg = Release|Any CPU
		{E2D3A849-0755-4298-8359-766839FF7A18}.Release|Any CPU.Build.0 = Release|Any CPU
		{A02C7245-B2A0-4514-A6D4-771772B0947B}.Debug|Any CPU.ActiveCfg = Debug|Any CPU
		{A02C7245-B2A0-4514-A6D4-771772B0947B}.Debug|Any CPU.Build.0 = Debug|Any CPU
		{A02C7245-B2A0-4514-A6D4-771772B0947B}.Release|Any CPU.ActiveCfg = Release|Any CPU
		{A02C7245-B2A0-4514-A6D4-771772B0947B}.Release|Any CPU.Build.0 = Release|Any CPU
		{8CCDB3C3-C727-4DFA-9E31-D95B1A0058D3}.Debug|Any CPU.ActiveCfg = Debug|Any CPU
		{8CCDB3C3-C727-4DFA-9E31-D95B1A0058D3}.Debug|Any CPU.Build.0 = Debug|Any CPU
		{8CCDB3C3-C727-4DFA-9E31-D95B1A0058D3}.Release|Any CPU.ActiveCfg = Release|Any CPU
		{8CCDB3C3-C727-4DFA-9E31-D95B1A0058D3}.Release|Any CPU.Build.0 = Release|Any CPU
		{7BD9CD05-9DE7-40A8-B577-6D2040FE6F4E}.Debug|Any CPU.ActiveCfg = Debug|Any CPU
		{7BD9CD05-9DE7-40A8-B577-6D2040FE6F4E}.Debug|Any CPU.Build.0 = Debug|Any CPU
		{7BD9CD05-9DE7-40A8-B577-6D2040FE6F4E}.Release|Any CPU.ActiveCfg = Release|Any CPU
		{7BD9CD05-9DE7-40A8-B577-6D2040FE6F4E}.Release|Any CPU.Build.0 = Release|Any CPU
		{9FD1F4B5-7096-4ACE-840F-8A45B6BF471D}.Debug|Any CPU.ActiveCfg = Debug|Any CPU
		{9FD1F4B5-7096-4ACE-840F-8A45B6BF471D}.Debug|Any CPU.Build.0 = Debug|Any CPU
		{9FD1F4B5-7096-4ACE-840F-8A45B6BF471D}.Release|Any CPU.ActiveCfg = Release|Any CPU
		{9FD1F4B5-7096-4ACE-840F-8A45B6BF471D}.Release|Any CPU.Build.0 = Release|Any CPU
		{9131826F-10F9-477D-9EDF-CF2ABAAAD01F}.Debug|Any CPU.ActiveCfg = Debug|Any CPU
		{9131826F-10F9-477D-9EDF-CF2ABAAAD01F}.Debug|Any CPU.Build.0 = Debug|Any CPU
		{9131826F-10F9-477D-9EDF-CF2ABAAAD01F}.Release|Any CPU.ActiveCfg = Release|Any CPU
		{9131826F-10F9-477D-9EDF-CF2ABAAAD01F}.Release|Any CPU.Build.0 = Release|Any CPU
	EndGlobalSection
	GlobalSection(SolutionProperties) = preSolution
		HideSolutionNode = FALSE
	EndGlobalSection
	GlobalSection(NestedProjects) = preSolution
		{F9325BD6-23B5-4BDC-9FA5-3D32DC43A6E4} = {415A5688-141B-48CE-88EC-4F915F163E8B}
		{E2D3A849-0755-4298-8359-766839FF7A18} = {DFDF0064-FF56-4650-B83F-58EB42C2055E}
		{9FD1F4B5-7096-4ACE-840F-8A45B6BF471D} = {85694B47-3422-46C4-9131-69FA5AFD9FAC}
		{9131826F-10F9-477D-9EDF-CF2ABAAAD01F} = {85694B47-3422-46C4-9131-69FA5AFD9FAC}
		{51FF19D0-ADCA-4AEB-A13D-569471DF68A0} = {8AEFCE12-8229-4BB5-A672-BD0B784F7F6A}
		{A02C7245-B2A0-4514-A6D4-771772B0947B} = {8AEFCE12-8229-4BB5-A672-BD0B784F7F6A}
		{8CCDB3C3-C727-4DFA-9E31-D95B1A0058D3} = {12ACAA74-A16B-429E-A7DE-3B443672FAC7}
		{7BD9CD05-9DE7-40A8-B577-6D2040FE6F4E} = {12ACAA74-A16B-429E-A7DE-3B443672FAC7}
	EndGlobalSection
EndGlobal
