
Microsoft Visual Studio Solution File, Format Version 10.00
# Visual Studio 2008
Project("{FAE04EC0-301F-11D3-BF4B-00C04F79EFBC}") = "StocksTicker", "StocksTicker\StocksTicker.csproj", "{03FD552A-BADA-4360-8F66-426D42A8E847}"
EndProject
Project("{FAE04EC0-301F-11D3-BF4B-00C04F79EFBC}") = "PersistenceFramework", "PersistenceFramework\PersistenceFramework.csproj", "{13CF9A27-8E95-4957-9F83-8A36692D3147}"
EndProject
Global
	GlobalSection(SolutionConfigurationPlatforms) = preSolution
		Debug|Any CPU = Debug|Any CPU
		Release|Any CPU = Release|Any CPU
	EndGlobalSection
	GlobalSection(ProjectConfigurationPlatforms) = postSolution
		{03FD552A-BADA-4360-8F66-426D42A8E847}.Debug|Any CPU.ActiveCfg = Debug|Any CPU
		{03FD552A-BADA-4360-8F66-426D42A8E847}.Debug|Any CPU.Build.0 = Debug|Any CPU
		{03FD552A-BADA-4360-8F66-426D42A8E847}.Release|Any CPU.ActiveCfg = Release|Any CPU
		{03FD552A-BADA-4360-8F66-426D42A8E847}.Release|Any CPU.Build.0 = Release|Any CPU
		{13CF9A27-8E95-4957-9F83-8A36692D3147}.Debug|Any CPU.ActiveCfg = Debug|Any CPU
		{13CF9A27-8E95-4957-9F83-8A36692D3147}.Debug|Any CPU.Build.0 = Debug|Any CPU
		{13CF9A27-8E95-4957-9F83-8A36692D3147}.Release|Any CPU.ActiveCfg = Release|Any CPU
		{13CF9A27-8E95-4957-9F83-8A36692D3147}.Release|Any CPU.Build.0 = Release|Any CPU
	EndGlobalSection
	GlobalSection(SolutionProperties) = preSolution
		HideSolutionNode = FALSE
	EndGlobalSection
EndGlobal
