
Microsoft Visual Studio Solution File, Format Version 12.00
# Visual Studio 2012
Project("{FAE04EC0-301F-11D3-BF4B-00C04F79EFBC}") = "NorthWind.Win", "NorthWind.Win\NorthWind.Win.csproj", "{F9325BD6-23B5-4BDC-9FA5-3D32DC43A6E4}"
EndProject
Project("{FAE04EC0-301F-11D3-BF4B-00C04F79EFBC}") = "Entidad", "Entidad\Entidad.csproj", "{C5A70F65-2631-4864-B57D-61AFF7E39198}"
EndProject
Global
	GlobalSection(SolutionConfigurationPlatforms) = preSolution
		Debug|Any CPU = Debug|Any CPU
		Release|Any CPU = Release|Any CPU
	EndGlobalSection
	GlobalSection(ProjectConfigurationPlatforms) = postSolution
		{F9325BD6-23B5-4BDC-9FA5-3D32DC43A6E4}.Debug|Any CPU.ActiveCfg = Debug|Any CPU
		{F9325BD6-23B5-4BDC-9FA5-3D32DC43A6E4}.Debug|Any CPU.Build.0 = Debug|Any CPU
		{F9325BD6-23B5-4BDC-9FA5-3D32DC43A6E4}.Release|Any CPU.ActiveCfg = Release|Any CPU
		{F9325BD6-23B5-4BDC-9FA5-3D32DC43A6E4}.Release|Any CPU.Build.0 = Release|Any CPU
		{C5A70F65-2631-4864-B57D-61AFF7E39198}.Debug|Any CPU.ActiveCfg = Debug|Any CPU
		{C5A70F65-2631-4864-B57D-61AFF7E39198}.Debug|Any CPU.Build.0 = Debug|Any CPU
		{C5A70F65-2631-4864-B57D-61AFF7E39198}.Release|Any CPU.ActiveCfg = Release|Any CPU
		{C5A70F65-2631-4864-B57D-61AFF7E39198}.Release|Any CPU.Build.0 = Release|Any CPU
	EndGlobalSection
	GlobalSection(SolutionProperties) = preSolution
		HideSolutionNode = FALSE
	EndGlobalSection
EndGlobal
