
Microsoft Visual Studio Solution File, Format Version 12.00
# Visual Studio 2013
VisualStudioVersion = 12.0.21005.1
MinimumVisualStudioVersion = 10.0.40219.1
Project("{FAE04EC0-301F-11D3-BF4B-00C04F79EFBC}") = "ProductsService", "ProductsService.csproj", "{40D45E3B-62BD-46A4-B13F-22CE2BE389B5}"
EndProject
Project("{FAE04EC0-301F-11D3-BF4B-00C04F79EFBC}") = "ServiceHostConsole", "..\ServiceHostConsole\ServiceHostConsole.csproj", "{FF566EB4-9D23-4B1B-8C1F-030535B2F0B5}"
EndProject
Project("{FAE04EC0-301F-11D3-BF4B-00C04F79EFBC}") = "Client", "..\Client\Client.csproj", "{052DF37E-CB0E-4AD2-8382-32A2B8BD85AD}"
EndProject
Global
	GlobalSection(SolutionConfigurationPlatforms) = preSolution
		Debug|Any CPU = Debug|Any CPU
		Release|Any CPU = Release|Any CPU
	EndGlobalSection
	GlobalSection(ProjectConfigurationPlatforms) = postSolution
		{40D45E3B-62BD-46A4-B13F-22CE2BE389B5}.Debug|Any CPU.ActiveCfg = Debug|Any CPU
		{40D45E3B-62BD-46A4-B13F-22CE2BE389B5}.Debug|Any CPU.Build.0 = Debug|Any CPU
		{40D45E3B-62BD-46A4-B13F-22CE2BE389B5}.Release|Any CPU.ActiveCfg = Release|Any CPU
		{40D45E3B-62BD-46A4-B13F-22CE2BE389B5}.Release|Any CPU.Build.0 = Release|Any CPU
		{FF566EB4-9D23-4B1B-8C1F-030535B2F0B5}.Debug|Any CPU.ActiveCfg = Debug|Any CPU
		{FF566EB4-9D23-4B1B-8C1F-030535B2F0B5}.Debug|Any CPU.Build.0 = Debug|Any CPU
		{FF566EB4-9D23-4B1B-8C1F-030535B2F0B5}.Release|Any CPU.ActiveCfg = Release|Any CPU
		{FF566EB4-9D23-4B1B-8C1F-030535B2F0B5}.Release|Any CPU.Build.0 = Release|Any CPU
		{052DF37E-CB0E-4AD2-8382-32A2B8BD85AD}.Debug|Any CPU.ActiveCfg = Debug|Any CPU
		{052DF37E-CB0E-4AD2-8382-32A2B8BD85AD}.Debug|Any CPU.Build.0 = Debug|Any CPU
		{052DF37E-CB0E-4AD2-8382-32A2B8BD85AD}.Release|Any CPU.ActiveCfg = Release|Any CPU
		{052DF37E-CB0E-4AD2-8382-32A2B8BD85AD}.Release|Any CPU.Build.0 = Release|Any CPU
	EndGlobalSection
	GlobalSection(SolutionProperties) = preSolution
		HideSolutionNode = FALSE
	EndGlobalSection
EndGlobal
